<?xml version="1.0" encoding="utf-8"?>
<Project ToolsVersion="4.0" xmlns="http://schemas.microsoft.com/developer/msbuild/2003">
  <ItemGroup>
    <Filter Include="01.Engine">
      <UniqueIdentifier>{498923e1-1630-4497-8c4d-293c3862b973}</UniqueIdentifier>
    </Filter>
    <Filter Include="00.Game">
      <UniqueIdentifier>{944f3dda-6446-46a0-b094-7c710f31f07c}</UniqueIdentifier>
    </Filter>
    <Filter Include="99.Default">
      <UniqueIdentifier>{48b467b2-ccef-46a8-a1a6-f7727bcaf783}</UniqueIdentifier>
    </Filter>
    <Filter Include="99.Default\00.Header">
      <UniqueIdentifier>{37e33b3d-ed51-4124-ad44-b0000e3e8fea}</UniqueIdentifier>
    </Filter>
    <Filter Include="01.Engine\01.Renderer">
      <UniqueIdentifier>{0d96a1c2-4163-44d2-986a-21e18f7ae6ae}</UniqueIdentifier>
    </Filter>
    <Filter Include="01.Engine\02.Object">
      <UniqueIdentifier>{b6fd3151-2051-4ca1-876c-0bd1d222a70c}</UniqueIdentifier>
    </Filter>
    <Filter Include="01.Engine\03.Shader">
      <UniqueIdentifier>{2ac3916f-4eb4-4e5e-81fa-ff25de10c97c}</UniqueIdentifier>
    </Filter>
    <Filter Include="01.Engine\05.Scene">
      <UniqueIdentifier>{7b940268-9939-4c64-9e2e-b424d1c9e342}</UniqueIdentifier>
    </Filter>
    <Filter Include="00.Game\00.MainApp">
      <UniqueIdentifier>{9b465b88-62eb-4594-84dc-6ded252efb70}</UniqueIdentifier>
    </Filter>
    <Filter Include="00.Game\01.Scene">
      <UniqueIdentifier>{2ec4ca20-f989-4505-b7b0-fffa9937ee97}</UniqueIdentifier>
    </Filter>
    <Filter Include="00.Game\01.Scene\99.TestScene">
      <UniqueIdentifier>{688f64ee-9b8c-48b4-95b8-fa6d520cfe20}</UniqueIdentifier>
    </Filter>
    <Filter Include="01.Engine\00.Core">
      <UniqueIdentifier>{37d882e7-331e-46b9-9192-3142bc04bebc}</UniqueIdentifier>
    </Filter>
    <Filter Include="01.Engine\04.Texture">
      <UniqueIdentifier>{67ae1fd1-33da-4463-9e8b-478de458ce60}</UniqueIdentifier>
    </Filter>
    <Filter Include="01.Engine\04.Texture\00.DDSTexture">
      <UniqueIdentifier>{670d3544-97fe-45c5-b566-d5b5f16b777e}</UniqueIdentifier>
    </Filter>
    <Filter Include="01.Engine\04.Texture\00.DDSTexture\00.DDSLoader">
      <UniqueIdentifier>{fc433d4d-6dfb-46d2-827c-923ea39c46bb}</UniqueIdentifier>
    </Filter>
    <Filter Include="01.Engine\06.Component">
      <UniqueIdentifier>{40fdb1a1-aa4f-44fb-a3f2-8e679a2222bc}</UniqueIdentifier>
    </Filter>
    <Filter Include="01.Engine\06.Component\00.Transform">
      <UniqueIdentifier>{0b82e14e-a905-4cc9-8296-aca1a274a07d}</UniqueIdentifier>
    </Filter>
    <Filter Include="01.Engine\06.Component\01.Geometry">
      <UniqueIdentifier>{d9ed463c-0c01-4e19-b489-d1a63547aa70}</UniqueIdentifier>
    </Filter>
    <Filter Include="01.Engine\06.Component\01.Geometry\01.Plane">
      <UniqueIdentifier>{935bf96a-cf04-4f64-8188-a2e879343711}</UniqueIdentifier>
    </Filter>
    <Filter Include="01.Engine\06.Component\01.Geometry\00.Cube">
      <UniqueIdentifier>{dc81a5bb-4af8-4602-9d7a-859e71690ff7}</UniqueIdentifier>
    </Filter>
    <Filter Include="01.Engine\06.Component\01.Geometry\02. Mesh">
      <UniqueIdentifier>{ee47048e-bee4-4e55-835e-022f86291131}</UniqueIdentifier>
    </Filter>
    <Filter Include="01.Engine\07.RenderTarget">
      <UniqueIdentifier>{adb6e623-c31a-46ae-ada2-3744588a171e}</UniqueIdentifier>
    </Filter>
    <Filter Include="01.Engine\07.RenderTarget\00.RenderTargetMgr">
      <UniqueIdentifier>{ba9c3a38-6563-433b-ad94-2f4debe80a6d}</UniqueIdentifier>
    </Filter>
    <Filter Include="01.Engine\06.Component\02.Material">
      <UniqueIdentifier>{7f3e0564-cbd9-42ed-ae39-17d87bf0d395}</UniqueIdentifier>
    </Filter>
    <Filter Include="01.Engine\08.Light">
      <UniqueIdentifier>{754b90cd-ebd5-4c85-95c8-5de328306e96}</UniqueIdentifier>
    </Filter>
    <Filter Include="01.Engine\06.Component\01.Geometry\03. LightGeo">
      <UniqueIdentifier>{1f1249c9-e178-4eac-b353-18d33787f8f5}</UniqueIdentifier>
    </Filter>
    <Filter Include="01.Engine\06.Component\01.Geometry\00.Cube\00.SkyboxCube">
      <UniqueIdentifier>{8a3f454d-3f1a-434b-92f2-0b39b7542692}</UniqueIdentifier>
    </Filter>
    <Filter Include="01.Engine\09.Loading">
      <UniqueIdentifier>{05d17adb-e6e8-47c5-80d1-fd4e75a09560}</UniqueIdentifier>
    </Filter>
    <Filter Include="00.Game\01.Scene\00.LoadingScene">
      <UniqueIdentifier>{88daec61-33d6-4d9b-9122-334c0292841e}</UniqueIdentifier>
    </Filter>
    <Filter Include="01.Engine\06.Component\01.Geometry\04.UIPlane">
      <UniqueIdentifier>{e3d4466b-bd34-491a-b56f-10d4260f9be2}</UniqueIdentifier>
    </Filter>
    <Filter Include="01.Engine\10.Network">
      <UniqueIdentifier>{8de6e769-7009-49b9-ad57-9cebab1cf71d}</UniqueIdentifier>
    </Filter>
    <Filter Include="00.Game\02.Object">
      <UniqueIdentifier>{d3063aec-64e0-4162-aca2-ae7d0aa2487e}</UniqueIdentifier>
    </Filter>
    <Filter Include="00.Game\02.Object\00.Terrain">
      <UniqueIdentifier>{0c404788-539d-4c7e-9e4a-502d7c154f6c}</UniqueIdentifier>
    </Filter>
    <Filter Include="00.Game\02.Object\01.Camera">
      <UniqueIdentifier>{64c3dd43-5d0f-4a48-b376-dd3b32eebd63}</UniqueIdentifier>
    </Filter>
    <Filter Include="00.Game\02.Object\02.Player">
      <UniqueIdentifier>{bd562d59-0208-4ef9-9a76-2d727fbd97ce}</UniqueIdentifier>
    </Filter>
    <Filter Include="00.Game\02.Object\03.SkyBox">
      <UniqueIdentifier>{841ceca3-d734-4200-a73a-b7ca669047d4}</UniqueIdentifier>
    </Filter>
    <Filter Include="00.Game\02.Object\04.StaticObject">
      <UniqueIdentifier>{908d6fa5-819b-475c-92a6-050113c13f1d}</UniqueIdentifier>
    </Filter>
    <Filter Include="00.Game\02.Object\04.StaticObject\00.StaticMeshMgr">
      <UniqueIdentifier>{3f60bab8-6437-4a82-9bfd-c5a4f0d1b75f}</UniqueIdentifier>
    </Filter>
    <Filter Include="00.Game\02.Object\05.Bullet">
      <UniqueIdentifier>{fd5797d6-413b-4fae-a1d4-c9c5c7278fb7}</UniqueIdentifier>
    </Filter>
    <Filter Include="01.Engine\02.Object\00.UI">
      <UniqueIdentifier>{6e6ec15f-4323-41d1-928b-bd66ae341385}</UniqueIdentifier>
    </Filter>
    <Filter Include="01.Engine\02.Object\00.UI\00.Button">
      <UniqueIdentifier>{1021fc5f-b6d9-4c4e-843e-f274cc51c961}</UniqueIdentifier>
    </Filter>
    <Filter Include="01.Engine\06.Component\03.Animation">
      <UniqueIdentifier>{9163647c-ed30-4090-bce7-25db8babc4bf}</UniqueIdentifier>
    </Filter>
    <Filter Include="01.Engine\02.Object\99.Interface">
      <UniqueIdentifier>{5cf28882-2fff-4b26-a2d2-82a76e641a12}</UniqueIdentifier>
    </Filter>
    <Filter Include="00.Game\02.Object\02.Player\00.PlayerFSM">
      <UniqueIdentifier>{1ab5465b-5910-423c-82be-3f9f70e620f3}</UniqueIdentifier>
    </Filter>
    <Filter Include="99.Default\99.Default">
      <UniqueIdentifier>{d8a5381a-4546-411d-b68f-f923bd079150}</UniqueIdentifier>
    </Filter>
    <Filter Include="01.Engine\03.Shader\00.HLSL">
      <UniqueIdentifier>{da3a61cb-4e88-45df-b0d3-924f2ea48782}</UniqueIdentifier>
    </Filter>
    <Filter Include="01.Engine\02.Object\01.Skill">
      <UniqueIdentifier>{eacb7f53-142e-4c20-b013-7eb8ec36e37f}</UniqueIdentifier>
    </Filter>
    <Filter Include="01.Engine\02.Object\01.Skill\00.SkillEff">
      <UniqueIdentifier>{11ed6d18-b798-4c14-ab3d-5d260eaa0ff4}</UniqueIdentifier>
    </Filter>
    <Filter Include="00.Game\02.Object\06.Skill">
      <UniqueIdentifier>{8ad4fa02-644e-460f-acde-22684658724d}</UniqueIdentifier>
    </Filter>
    <Filter Include="00.Game\02.Object\06.Skill\00.Flames">
      <UniqueIdentifier>{86c78c32-8218-4afe-a25c-8beb053ef86d}</UniqueIdentifier>
    </Filter>
    <Filter Include="00.Game\02.Object\06.Skill\01.FireShock">
      <UniqueIdentifier>{2c3c1177-2b7b-4b57-ac74-2aa2115ece1f}</UniqueIdentifier>
    </Filter>
    <Filter Include="01.Engine\99.Manager">
      <UniqueIdentifier>{1a909993-d9e0-4024-9f1c-435b0ad86ba8}</UniqueIdentifier>
    </Filter>
    <Filter Include="01.Engine\99.Manager\00.TextureMgr">
      <UniqueIdentifier>{8ef3ef22-48ce-4ae8-beca-12a3fb125068}</UniqueIdentifier>
    </Filter>
    <Filter Include="01.Engine\99.Manager\01.MeshMgr">
      <UniqueIdentifier>{3fdb1b71-b260-41c8-8302-de5dfc4da908}</UniqueIdentifier>
    </Filter>
    <Filter Include="01.Engine\99.Manager\02.AnimationMgr">
      <UniqueIdentifier>{83ca9cf5-e1a3-4bdc-a504-1993d1c9c095}</UniqueIdentifier>
    </Filter>
    <Filter Include="01.Engine\99.Manager\02.AnimationMgr\00.SkinnedData">
      <UniqueIdentifier>{074c270e-620e-435f-a12e-018b1333dc48}</UniqueIdentifier>
    </Filter>
    <Filter Include="01.Engine\99.Manager\02.AnimationMgr\01.SkinnedModelInstance">
      <UniqueIdentifier>{678e1b67-1828-4b32-a595-556214711498}</UniqueIdentifier>
    </Filter>
    <Filter Include="01.Engine\99.Manager\03.MaterailMgr">
      <UniqueIdentifier>{09742e51-9db4-493f-8e23-dc200c3fb74d}</UniqueIdentifier>
    </Filter>
    <Filter Include="01.Engine\99.Manager\04.InstanceMgr">
      <UniqueIdentifier>{8c5fab7b-4c05-45a5-8fdd-45e85ce397cd}</UniqueIdentifier>
    </Filter>
    <Filter Include="01.Engine\99.Manager\04.InstanceMgr\00.InstanceInfo">
      <UniqueIdentifier>{eab659e3-da46-471e-b2a4-ef7c14f6bb0a}</UniqueIdentifier>
    </Filter>
    <Filter Include="01.Engine\99.Manager\05.KeyMgr">
      <UniqueIdentifier>{cf9eed9c-aed4-41c0-a0c6-b1cbda0e23d5}</UniqueIdentifier>
    </Filter>
    <Filter Include="01.Engine\99.Manager\06.PhysXMgr">
      <UniqueIdentifier>{27dd3516-81f5-40a0-a50b-941856466643}</UniqueIdentifier>
    </Filter>
    <Filter Include="00.Game\02.Object\07.Weapon">
      <UniqueIdentifier>{8cffe812-078c-4511-88fd-598c486e83ea}</UniqueIdentifier>
    </Filter>
    <Filter Include="01.Engine\99.Manager\07.PoolingMgr">
      <UniqueIdentifier>{22e24fa4-c7c7-4d23-af17-1f47accf37e5}</UniqueIdentifier>
    </Filter>
    <Filter Include="00.Game\02.Object\08.Panel">
      <UniqueIdentifier>{0136ba21-13a3-4500-8a1f-9e7e5fef1cc7}</UniqueIdentifier>
    </Filter>
    <Filter Include="01.Engine\02.Object\00.UI\01.Bar">
      <UniqueIdentifier>{9db63625-57d3-448d-9689-f8a486817176}</UniqueIdentifier>
    </Filter>
    <Filter Include="01.Engine\02.Object\00.UI\00.Button\00.Radio">
      <UniqueIdentifier>{557b8454-bd30-4858-ad72-9b60742fe526}</UniqueIdentifier>
    </Filter>
    <Filter Include="00.Game\01.Scene\01.LobbyScene">
      <UniqueIdentifier>{3a5ad5a7-7359-467b-81e6-cb7d6311799b}</UniqueIdentifier>
    </Filter>
    <Filter Include="00.Game\01.Scene\02.RoomScene">
      <UniqueIdentifier>{7a13fefc-3a67-4065-983f-3fd903e687f4}</UniqueIdentifier>
    </Filter>
    <Filter Include="01.Engine\06.Component\04.Network">
      <UniqueIdentifier>{a6073757-2ce3-4e2a-8d45-67036ad505e9}</UniqueIdentifier>
    </Filter>
    <Filter Include="01.Engine\02.Object\00.UI\00.Button\01.ServerButton">
      <UniqueIdentifier>{615e1d3a-1fa1-4490-b34c-56a957982af8}</UniqueIdentifier>
    </Filter>
    <Filter Include="01.Engine\02.Object\00.UI\00.Button\00.Radio\00.RadioButtonController">
      <UniqueIdentifier>{0dc28be9-f6f3-4afa-94e9-ef8168ca12c3}</UniqueIdentifier>
    </Filter>
    <Filter Include="00.Game\02.Object\09.UI">
      <UniqueIdentifier>{cf4603f0-44c8-44a4-b879-006486f070b3}</UniqueIdentifier>
    </Filter>
    <Filter Include="00.Game\02.Object\09.UI\00.RoomRadio">
      <UniqueIdentifier>{f73cabaa-162d-4a0a-9b80-f8d8d54a46ce}</UniqueIdentifier>
    </Filter>
    <Filter Include="00.Game\02.Object\09.UI\00.RoomRadio\01.RoomRadioController">
      <UniqueIdentifier>{fcfe7c7b-1b6f-49bd-a18d-8908f41a797f}</UniqueIdentifier>
    </Filter>
    <Filter Include="00.Game\02.Object\09.UI\01.CharInfo">
      <UniqueIdentifier>{f6f6b7d4-fc2b-4353-b1d4-2193012d0878}</UniqueIdentifier>
    </Filter>
    <Filter Include="00.Game\02.Object\09.UI\01.CharInfo\01.CharInfoController">
      <UniqueIdentifier>{c0937d00-e98e-4a2e-bc81-fba8f038a242}</UniqueIdentifier>
    </Filter>
    <Filter Include="00.Game\02.Object\09.UI\02.Text">
      <UniqueIdentifier>{ec90ab7a-62d7-42f6-a533-ba8017965e0d}</UniqueIdentifier>
    </Filter>
    <Filter Include="00.Game\02.Object\09.UI\02.Text\02.TextController">
      <UniqueIdentifier>{fb1f83db-e7d2-4600-be34-8fa4811b6af7}</UniqueIdentifier>
    </Filter>
    <Filter Include="00.Game\02.Object\06.Skill\02.FireRing">
      <UniqueIdentifier>{5a0718ea-f5b1-4e41-8504-7aadd488493a}</UniqueIdentifier>
    </Filter>
    <Filter Include="00.Game\02.Object\06.Skill\99.SkillEff">
      <UniqueIdentifier>{c2e7b632-2541-4c52-87f0-ff3fd576dec9}</UniqueIdentifier>
    </Filter>
    <Filter Include="00.Game\02.Object\06.Skill\99.SkillEff\00.Flames">
      <UniqueIdentifier>{c4f7f436-e9cc-4abd-ab3f-4a7b9c1060af}</UniqueIdentifier>
    </Filter>
    <Filter Include="00.Game\02.Object\06.Skill\99.SkillEff\00.Flames\00.FireEff">
      <UniqueIdentifier>{11bec554-00e8-44fb-aed2-bd15d9f24f57}</UniqueIdentifier>
    </Filter>
    <Filter Include="00.Game\02.Object\06.Skill\99.SkillEff\01.FireShock">
      <UniqueIdentifier>{63ce6c79-b26c-4f76-a8f0-895c51f31eb3}</UniqueIdentifier>
    </Filter>
    <Filter Include="00.Game\02.Object\06.Skill\99.SkillEff\01.FireShock\00.FireCylinder">
      <UniqueIdentifier>{4ffd52d9-080a-4c3d-b13e-d238cf8676e9}</UniqueIdentifier>
    </Filter>
    <Filter Include="00.Game\02.Object\06.Skill\99.SkillEff\02.FireRing">
      <UniqueIdentifier>{5f3e197b-95ae-49eb-811e-27be07301bb6}</UniqueIdentifier>
    </Filter>
    <Filter Include="00.Game\02.Object\06.Skill\99.SkillEff\02.FireRing\00.FireCylinder">
      <UniqueIdentifier>{f249a662-73cf-44c4-9b3d-105c1fddda32}</UniqueIdentifier>
    </Filter>
    <Filter Include="00.Game\02.Object\06.Skill\99.SkillEff\01.FireShock\01.FireParticle">
      <UniqueIdentifier>{601e35cf-382d-4d9f-afe0-200d0f180afd}</UniqueIdentifier>
    </Filter>
    <Filter Include="00.Game\02.Object\06.Skill\03.IceBolt">
      <UniqueIdentifier>{29f6444a-1a5b-4121-8819-e47662c6ca11}</UniqueIdentifier>
    </Filter>
    <Filter Include="00.Game\02.Object\06.Skill\99.SkillEff\03.IceBolt">
      <UniqueIdentifier>{82ddfaf5-8289-4857-88ac-41f209a81ccd}</UniqueIdentifier>
    </Filter>
    <Filter Include="00.Game\02.Object\06.Skill\99.SkillEff\03.IceBolt\00.Ice">
      <UniqueIdentifier>{4384b77a-bc93-41bb-bbe4-c5e06dec2a0d}</UniqueIdentifier>
    </Filter>
    <Filter Include="00.Game\02.Object\06.Skill\04.Meteor">
      <UniqueIdentifier>{31b79826-92f1-4e6e-8c11-1adf62231622}</UniqueIdentifier>
    </Filter>
    <Filter Include="00.Game\02.Object\06.Skill\99.SkillEff\04.Meteor">
      <UniqueIdentifier>{34739569-9ddf-4e21-8368-4781e35d80ab}</UniqueIdentifier>
    </Filter>
    <Filter Include="00.Game\02.Object\06.Skill\99.SkillEff\04.Meteor\00.Body">
      <UniqueIdentifier>{62848269-8004-4402-b4b3-001f020baef3}</UniqueIdentifier>
    </Filter>
    <Filter Include="00.Game\02.Object\06.Skill\99.SkillEff\04.Meteor\01.FireEff">
      <UniqueIdentifier>{53766628-6708-4dca-94dd-03733157b584}</UniqueIdentifier>
    </Filter>
    <Filter Include="00.Game\02.Object\06.Skill\99.SkillEff\04.Meteor\02. FireEff2">
      <UniqueIdentifier>{a840b9a9-b40a-4376-99e1-bc36f30e1f58}</UniqueIdentifier>
    </Filter>
    <Filter Include="00.Game\02.Object\09.UI\03. HpBar">
      <UniqueIdentifier>{82c50ea1-7d1f-49ee-8aba-2e7a48ece0f6}</UniqueIdentifier>
    </Filter>
    <Filter Include="00.Game\02.Object\09.UI\04.SkillController">
      <UniqueIdentifier>{cf5dcf9a-239e-4dd5-82de-0c90c8c148c6}</UniqueIdentifier>
    </Filter>
    <Filter Include="00.Game\02.Object\09.UI\05.ShopController">
      <UniqueIdentifier>{d5f1ccd1-e35d-42f1-b692-62b07e4fa096}</UniqueIdentifier>
    </Filter>
    <Filter Include="00.Game\02.Object\09.UI\05.ShopController\00.ClickerButton">
      <UniqueIdentifier>{bd06ab1d-d6d1-4080-8855-410681aaa5c9}</UniqueIdentifier>
    </Filter>
    <Filter Include="00.Game\02.Object\09.UI\06.Cursor">
      <UniqueIdentifier>{1e910109-2296-41b3-bf71-2204241a66d6}</UniqueIdentifier>
    </Filter>
    <Filter Include="01.Engine\06.Component\05.NetSkill">
      <UniqueIdentifier>{eeb071fe-7ce4-4dcc-bdbb-efad7cb6db43}</UniqueIdentifier>
    </Filter>
    <Filter Include="00.Game\02.Object\09.UI\07.Portrait">
      <UniqueIdentifier>{da16018c-da02-4d70-8b46-724a4cfb82d3}</UniqueIdentifier>
    </Filter>
    <Filter Include="00.Game\02.Object\06.Skill\99.SkillEff\99.MagicCircle">
      <UniqueIdentifier>{c43d9b18-0f0b-4528-8892-9579a836bf78}</UniqueIdentifier>
    </Filter>
    <Filter Include="00.Game\02.Object\06.Skill\99.SkillEff\05.BlackHole">
      <UniqueIdentifier>{0ff500bf-28aa-4041-a65c-34a814a6d348}</UniqueIdentifier>
    </Filter>
    <Filter Include="00.Game\02.Object\06.Skill\99.SkillEff\05.BlackHole\00.BlackHole_Body">
      <UniqueIdentifier>{b70fa3a4-919c-4d33-a0ec-6ef83a1b87a6}</UniqueIdentifier>
    </Filter>
    <Filter Include="00.Game\02.Object\06.Skill\99.SkillEff\03.IceBolt\01.Body">
      <UniqueIdentifier>{e0bfc54c-0e74-4fb1-9e6a-2fcd709eb2fd}</UniqueIdentifier>
    </Filter>
    <Filter Include="00.Game\02.Object\06.Skill\99.SkillEff\03.IceBolt\02.Tornado">
      <UniqueIdentifier>{20486b28-7241-43ec-8eb2-005fbc3d067d}</UniqueIdentifier>
    </Filter>
    <Filter Include="00.Game\02.Object\06.Skill\99.SkillEff\05.BlackHole\01.BlackHole_Inner">
      <UniqueIdentifier>{2f8cd262-ac00-4756-9d41-86b1c2b26cb8}</UniqueIdentifier>
    </Filter>
    <Filter Include="01.Engine\02.Object\01.Skill\00.SkillEff\00.BillBoardEff">
      <UniqueIdentifier>{72a5ca10-ef82-45d0-9763-7a6a1f80d440}</UniqueIdentifier>
    </Filter>
    <Filter Include="00.Game\02.Object\06.Skill\05.BlackHole">
      <UniqueIdentifier>{1b846978-0996-45aa-bc10-90beac60bc8d}</UniqueIdentifier>
    </Filter>
    <Filter Include="00.Game\02.Object\06.Skill\06.HatredChain">
      <UniqueIdentifier>{bee246c5-8001-4d81-b71e-5a24dcfed6d2}</UniqueIdentifier>
    </Filter>
    <Filter Include="00.Game\02.Object\06.Skill\99.SkillEff\06.HatredChain">
      <UniqueIdentifier>{bf24ad26-0d44-4539-a502-3f28dc119cf7}</UniqueIdentifier>
    </Filter>
    <Filter Include="00.Game\02.Object\06.Skill\99.SkillEff\06.HatredChain\00.Body">
      <UniqueIdentifier>{1a316593-08b7-43f4-a281-8030293aa1f8}</UniqueIdentifier>
    </Filter>
    <Filter Include="00.Game\02.Object\06.Skill\99.SkillEff\06.HatredChain\01.Outter">
      <UniqueIdentifier>{28081e7b-e6ad-4f58-8559-cf716963fbe1}</UniqueIdentifier>
    </Filter>
    <Filter Include="00.Game\02.Object\06.Skill\07.IceFreeze">
      <UniqueIdentifier>{b834053e-c1d7-4f1c-b91d-ec8b4059edb0}</UniqueIdentifier>
    </Filter>
    <Filter Include="00.Game\02.Object\06.Skill\99.SkillEff\07.IceFreeze">
      <UniqueIdentifier>{599fbf0a-5918-4a80-8241-a6ae6b2896d4}</UniqueIdentifier>
    </Filter>
    <Filter Include="00.Game\02.Object\06.Skill\99.SkillEff\07.IceFreeze\01.IceDorm">
      <UniqueIdentifier>{f2b9d073-ee9e-4d63-beb5-bec94dedeee6}</UniqueIdentifier>
    </Filter>
    <Filter Include="00.Game\02.Object\06.Skill\99.SkillEff\06.HatredChain\02.Ball">
      <UniqueIdentifier>{a8c3cab5-d679-4d66-8ba7-1b0244c0f31f}</UniqueIdentifier>
    </Filter>
    <Filter Include="00.Game\02.Object\06.Skill\08.Boom">
      <UniqueIdentifier>{1d5c19c5-a97b-46d8-9b42-734f43969a1d}</UniqueIdentifier>
    </Filter>
    <Filter Include="00.Game\02.Object\06.Skill\99.SkillEff\08.Boom">
      <UniqueIdentifier>{918771d1-e274-41d5-a972-238311275270}</UniqueIdentifier>
    </Filter>
    <Filter Include="00.Game\02.Object\06.Skill\99.SkillEff\08.Boom\00.BoomSphere">
      <UniqueIdentifier>{01f08835-8cf5-4426-89b9-3757baa89eda}</UniqueIdentifier>
    </Filter>
    <Filter Include="00.Game\02.Object\06.Skill\99.SkillEff\08.Boom\01.BoomInner">
      <UniqueIdentifier>{7a08c041-ae15-4279-86d7-7719f4e8b31a}</UniqueIdentifier>
    </Filter>
    <Filter Include="01.Engine\99.Manager\08.SoundMgr">
      <UniqueIdentifier>{fc8b619f-4b44-4bd1-871e-d4e0eaa49df5}</UniqueIdentifier>
    </Filter>
    <Filter Include="00.Game\02.Object\06.Skill\09.IceCrevass">
      <UniqueIdentifier>{0ae37ed8-b318-4e32-9ebc-12a7f7c5ec72}</UniqueIdentifier>
    </Filter>
    <Filter Include="00.Game\02.Object\06.Skill\09.IceCrevass\00.Crevasses">
      <UniqueIdentifier>{36ce76cf-902d-4160-83c7-27dfdf2da910}</UniqueIdentifier>
    </Filter>
  </ItemGroup>
  <ItemGroup>
    <ClInclude Include="framework.h">
      <Filter>99.Default\00.Header</Filter>
    </ClInclude>
    <ClInclude Include="MathHelper.h">
      <Filter>99.Default\00.Header</Filter>
    </ClInclude>
    <ClInclude Include="struct.h">
      <Filter>99.Default\00.Header</Filter>
    </ClInclude>
    <ClInclude Include="UploadBuffer.h">
      <Filter>99.Default\00.Header</Filter>
    </ClInclude>
    <ClInclude Include="Directx12.h">
      <Filter>00.Game</Filter>
    </ClInclude>
    <ClInclude Include="Renderer.h">
      <Filter>01.Engine\01.Renderer</Filter>
    </ClInclude>
    <ClInclude Include="Object.h">
      <Filter>01.Engine\02.Object</Filter>
    </ClInclude>
    <ClInclude Include="Shader.h">
      <Filter>01.Engine\03.Shader</Filter>
    </ClInclude>
    <ClInclude Include="Core.h">
      <Filter>01.Engine\00.Core</Filter>
    </ClInclude>
    <ClInclude Include="MainApp.h">
      <Filter>00.Game\00.MainApp</Filter>
    </ClInclude>
    <ClInclude Include="Scene.h">
      <Filter>01.Engine\05.Scene</Filter>
    </ClInclude>
    <ClInclude Include="TestScene.h">
      <Filter>00.Game\01.Scene\99.TestScene</Filter>
    </ClInclude>
    <ClInclude Include="DDSTexture.h">
      <Filter>01.Engine\04.Texture\00.DDSTexture</Filter>
    </ClInclude>
    <ClInclude Include="DDSTextureLoader.h">
      <Filter>01.Engine\04.Texture\00.DDSTexture\00.DDSLoader</Filter>
    </ClInclude>
    <ClInclude Include="Terrain.h">
      <Filter>00.Game\02.Object\00.Terrain</Filter>
    </ClInclude>
    <ClInclude Include="Camera.h">
      <Filter>00.Game\02.Object\01.Camera</Filter>
    </ClInclude>
    <ClInclude Include="Plane.h">
      <Filter>01.Engine\06.Component\01.Geometry\01.Plane</Filter>
    </ClInclude>
    <ClInclude Include="Player.h">
      <Filter>00.Game\02.Object\02.Player</Filter>
    </ClInclude>
    <ClInclude Include="Cube.h">
      <Filter>01.Engine\06.Component\01.Geometry\00.Cube</Filter>
    </ClInclude>
    <ClInclude Include="Component.h">
      <Filter>01.Engine\06.Component</Filter>
    </ClInclude>
    <ClInclude Include="Transform.h">
      <Filter>01.Engine\06.Component\00.Transform</Filter>
    </ClInclude>
    <ClInclude Include="Mesh.h">
      <Filter>01.Engine\06.Component\01.Geometry\02. Mesh</Filter>
    </ClInclude>
    <ClInclude Include="MeshMgr.h">
      <Filter>01.Engine\99.Manager\01.MeshMgr</Filter>
    </ClInclude>
    <ClInclude Include="Geometry.h">
      <Filter>01.Engine\06.Component\01.Geometry</Filter>
    </ClInclude>
    <ClInclude Include="TextureMgr.h">
      <Filter>01.Engine\99.Manager\00.TextureMgr</Filter>
    </ClInclude>
    <ClInclude Include="RenderTarget.h">
      <Filter>01.Engine\07.RenderTarget</Filter>
    </ClInclude>
    <ClInclude Include="RenderTargetMgr.h">
      <Filter>01.Engine\07.RenderTarget\00.RenderTargetMgr</Filter>
    </ClInclude>
    <ClInclude Include="Material.h">
      <Filter>01.Engine\06.Component\02.Material</Filter>
    </ClInclude>
    <ClInclude Include="LightGeo.h">
      <Filter>01.Engine\06.Component\01.Geometry\03. LightGeo</Filter>
    </ClInclude>
    <ClInclude Include="CLight.h">
      <Filter>01.Engine\08.Light</Filter>
    </ClInclude>
    <ClInclude Include="define.h">
      <Filter>99.Default\00.Header</Filter>
    </ClInclude>
    <ClInclude Include="Skybox.h">
      <Filter>00.Game\02.Object\03.SkyBox</Filter>
    </ClInclude>
    <ClInclude Include="SkyBoxCube.h">
      <Filter>01.Engine\06.Component\01.Geometry\00.Cube\00.SkyboxCube</Filter>
    </ClInclude>
    <ClInclude Include="AnimationMgr.h">
      <Filter>01.Engine\99.Manager\02.AnimationMgr</Filter>
    </ClInclude>
    <ClInclude Include="Animation.h">
      <Filter>01.Engine\06.Component\03.Animation</Filter>
    </ClInclude>
    <ClInclude Include="StaticObject.h">
      <Filter>00.Game\02.Object\04.StaticObject</Filter>
    </ClInclude>
    <ClInclude Include="GameTimer.h">
      <Filter>01.Engine\00.Core</Filter>
    </ClInclude>
    <ClInclude Include="MaterialMgr.h">
      <Filter>01.Engine\99.Manager\03.MaterailMgr</Filter>
    </ClInclude>
    <ClInclude Include="Bullet.h">
      <Filter>00.Game\02.Object\05.Bullet</Filter>
    </ClInclude>
    <ClInclude Include="StaticMeshMgr.h">
      <Filter>00.Game\02.Object\04.StaticObject\00.StaticMeshMgr</Filter>
    </ClInclude>
    <ClInclude Include="Loading.h">
      <Filter>01.Engine\09.Loading</Filter>
    </ClInclude>
    <ClInclude Include="LoadingScene.h">
      <Filter>00.Game\01.Scene\00.LoadingScene</Filter>
    </ClInclude>
    <ClInclude Include="UIPlane.h">
      <Filter>01.Engine\06.Component\01.Geometry\04.UIPlane</Filter>
    </ClInclude>
    <ClInclude Include="UI.h">
      <Filter>01.Engine\02.Object\00.UI</Filter>
    </ClInclude>
    <ClInclude Include="Button.h">
      <Filter>01.Engine\02.Object\00.UI\00.Button</Filter>
    </ClInclude>
    <ClInclude Include="Network.h">
      <Filter>01.Engine\10.Network</Filter>
    </ClInclude>
    <ClInclude Include="InstanceInfo.h">
      <Filter>01.Engine\99.Manager\04.InstanceMgr\00.InstanceInfo</Filter>
    </ClInclude>
    <ClInclude Include="InstanceMgr.h">
      <Filter>01.Engine\99.Manager\04.InstanceMgr</Filter>
    </ClInclude>
    <ClInclude Include="KeyMgr.h">
      <Filter>01.Engine\99.Manager\05.KeyMgr</Filter>
    </ClInclude>
    <ClInclude Include="InterfaceFSM.h">
      <Filter>01.Engine\02.Object\99.Interface</Filter>
    </ClInclude>
    <ClInclude Include="PlayerFSM.h">
      <Filter>00.Game\02.Object\02.Player\00.PlayerFSM</Filter>
    </ClInclude>
    <ClInclude Include="SkinnedData.h">
      <Filter>01.Engine\99.Manager\02.AnimationMgr\00.SkinnedData</Filter>
    </ClInclude>
    <ClInclude Include="SkinnedModelInstance.h">
      <Filter>01.Engine\99.Manager\02.AnimationMgr\01.SkinnedModelInstance</Filter>
    </ClInclude>
    <ClInclude Include="d3dUtil.h">
      <Filter>99.Default\99.Default</Filter>
    </ClInclude>
    <ClInclude Include="d3dx12.h">
      <Filter>99.Default\99.Default</Filter>
    </ClInclude>
    <ClInclude Include="Resource.h">
      <Filter>99.Default\99.Default</Filter>
    </ClInclude>
    <ClInclude Include="targetver.h">
      <Filter>99.Default\99.Default</Filter>
    </ClInclude>
    <ClInclude Include="Skill.h">
      <Filter>01.Engine\02.Object\01.Skill</Filter>
    </ClInclude>
    <ClInclude Include="SkillEff.h">
      <Filter>01.Engine\02.Object\01.Skill\00.SkillEff</Filter>
    </ClInclude>
    <ClInclude Include="Flames_FireEff.h">
      <Filter>00.Game\02.Object\06.Skill\99.SkillEff\00.Flames\00.FireEff</Filter>
    </ClInclude>
    <ClInclude Include="Flames.h">
      <Filter>00.Game\02.Object\06.Skill\00.Flames</Filter>
    </ClInclude>
    <ClInclude Include="FireShock_FireCylinder.h">
      <Filter>00.Game\02.Object\06.Skill\99.SkillEff\01.FireShock\00.FireCylinder</Filter>
    </ClInclude>
    <ClInclude Include="FireShock.h">
      <Filter>00.Game\02.Object\06.Skill\01.FireShock</Filter>
    </ClInclude>
    <ClInclude Include="PhysXMgr.h">
      <Filter>01.Engine\99.Manager\06.PhysXMgr</Filter>
    </ClInclude>
    <ClInclude Include="Weapon.h">
      <Filter>00.Game\02.Object\07.Weapon</Filter>
    </ClInclude>
    <ClInclude Include="netHeader.h">
      <Filter>99.Default\00.Header</Filter>
    </ClInclude>
    <ClInclude Include="PoolingMgr.h">
      <Filter>01.Engine\99.Manager\07.PoolingMgr</Filter>
    </ClInclude>
    <ClInclude Include="Panel.h">
      <Filter>00.Game\02.Object\08.Panel</Filter>
    </ClInclude>
    <ClInclude Include="Bar.h">
      <Filter>01.Engine\02.Object\00.UI\01.Bar</Filter>
    </ClInclude>
    <ClInclude Include="RadioButton.h">
      <Filter>01.Engine\02.Object\00.UI\00.Button\00.Radio</Filter>
    </ClInclude>
    <ClInclude Include="LobbyScene.h">
      <Filter>00.Game\01.Scene\01.LobbyScene</Filter>
    </ClInclude>
    <ClInclude Include="RoomScene.h">
      <Filter>00.Game\01.Scene\02.RoomScene</Filter>
    </ClInclude>
    <ClInclude Include="RadioButtonController.h">
      <Filter>01.Engine\02.Object\00.UI\00.Button\00.Radio\00.RadioButtonController</Filter>
    </ClInclude>
    <ClInclude Include="RoomRadio.h">
      <Filter>00.Game\02.Object\09.UI\00.RoomRadio</Filter>
    </ClInclude>
    <ClInclude Include="RoomRadioController.h">
      <Filter>00.Game\02.Object\09.UI\00.RoomRadio\01.RoomRadioController</Filter>
    </ClInclude>
    <ClInclude Include="CharInfo.h">
      <Filter>00.Game\02.Object\09.UI\01.CharInfo</Filter>
    </ClInclude>
    <ClInclude Include="CharInfoController.h">
      <Filter>00.Game\02.Object\09.UI\01.CharInfo\01.CharInfoController</Filter>
    </ClInclude>
    <ClInclude Include="TextController.h">
      <Filter>00.Game\02.Object\09.UI\02.Text\02.TextController</Filter>
    </ClInclude>
    <ClInclude Include="Text.h">
      <Filter>00.Game\02.Object\09.UI\02.Text</Filter>
    </ClInclude>
    <ClInclude Include="Com_Network.h">
      <Filter>01.Engine\06.Component\04.Network</Filter>
    </ClInclude>
    <ClInclude Include="FireRing.h">
      <Filter>00.Game\02.Object\06.Skill\02.FireRing</Filter>
    </ClInclude>
    <ClInclude Include="FireRing_FireCylinder.h">
      <Filter>00.Game\02.Object\06.Skill\99.SkillEff\02.FireRing\00.FireCylinder</Filter>
    </ClInclude>
    <ClInclude Include="FireShock_FireParticle.h">
      <Filter>00.Game\02.Object\06.Skill\99.SkillEff\01.FireShock\01.FireParticle</Filter>
    </ClInclude>
    <ClInclude Include="ServerButton.h">
      <Filter>01.Engine\02.Object\00.UI\00.Button\01.ServerButton</Filter>
    </ClInclude>
    <ClInclude Include="IceBolt.h">
      <Filter>00.Game\02.Object\06.Skill\03.IceBolt</Filter>
    </ClInclude>
    <ClInclude Include="IceBolt_Ice.h">
      <Filter>00.Game\02.Object\06.Skill\99.SkillEff\03.IceBolt\00.Ice</Filter>
    </ClInclude>
    <ClInclude Include="Meteor.h">
      <Filter>00.Game\02.Object\06.Skill\04.Meteor</Filter>
    </ClInclude>
    <ClInclude Include="Meteor_Body.h">
      <Filter>00.Game\02.Object\06.Skill\99.SkillEff\04.Meteor\00.Body</Filter>
    </ClInclude>
    <ClInclude Include="Meteor_FireEff.h">
      <Filter>00.Game\02.Object\06.Skill\99.SkillEff\04.Meteor\01.FireEff</Filter>
    </ClInclude>
    <ClInclude Include="Meteor_FireEff2.h">
      <Filter>00.Game\02.Object\06.Skill\99.SkillEff\04.Meteor\02. FireEff2</Filter>
    </ClInclude>
    <ClInclude Include="HpBar.h">
      <Filter>00.Game\02.Object\09.UI\03. HpBar</Filter>
    </ClInclude>
    <ClInclude Include="SkillController.h">
      <Filter>00.Game\02.Object\09.UI\04.SkillController</Filter>
    </ClInclude>
    <ClInclude Include="ClickerButton.h">
      <Filter>00.Game\02.Object\09.UI\05.ShopController\00.ClickerButton</Filter>
    </ClInclude>
    <ClInclude Include="ShopController.h">
      <Filter>00.Game\02.Object\09.UI\05.ShopController</Filter>
    </ClInclude>
    <ClInclude Include="Cursor.h">
      <Filter>00.Game\02.Object\09.UI\06.Cursor</Filter>
    </ClInclude>
    <ClInclude Include="NetSkill.h">
      <Filter>01.Engine\06.Component\05.NetSkill</Filter>
    </ClInclude>
    <ClInclude Include="Portrait.h">
      <Filter>00.Game\02.Object\09.UI\07.Portrait</Filter>
    </ClInclude>
    <ClInclude Include="MagicCircle.h">
      <Filter>00.Game\02.Object\06.Skill\99.SkillEff\99.MagicCircle</Filter>
    </ClInclude>
    <ClInclude Include="BlackHole_Body.h">
      <Filter>00.Game\02.Object\06.Skill\99.SkillEff\05.BlackHole\00.BlackHole_Body</Filter>
    </ClInclude>
    <ClInclude Include="IceBolt_Body.h">
      <Filter>00.Game\02.Object\06.Skill\99.SkillEff\03.IceBolt\01.Body</Filter>
    </ClInclude>
    <ClInclude Include="IceBolt_Tornado.h">
      <Filter>00.Game\02.Object\06.Skill\99.SkillEff\03.IceBolt\02.Tornado</Filter>
    </ClInclude>
    <ClInclude Include="BlackHole_Inner.h">
      <Filter>00.Game\02.Object\06.Skill\99.SkillEff\05.BlackHole\01.BlackHole_Inner</Filter>
    </ClInclude>
    <ClInclude Include="BlackHole.h">
      <Filter>00.Game\02.Object\06.Skill\05.BlackHole</Filter>
    </ClInclude>
    <ClInclude Include="BillBoardEff.h">
      <Filter>01.Engine\02.Object\01.Skill\00.SkillEff\00.BillBoardEff</Filter>
    </ClInclude>
    <ClInclude Include="HatredChain_Body.h">
      <Filter>00.Game\02.Object\06.Skill\99.SkillEff\06.HatredChain\00.Body</Filter>
    </ClInclude>
    <ClInclude Include="HatredChain.h">
      <Filter>00.Game\02.Object\06.Skill\06.HatredChain</Filter>
    </ClInclude>
    <ClInclude Include="HatredChain_Outter.h">
      <Filter>00.Game\02.Object\06.Skill\99.SkillEff\06.HatredChain\01.Outter</Filter>
    </ClInclude>
    <ClInclude Include="IceFreeze.h">
      <Filter>00.Game\02.Object\06.Skill\07.IceFreeze</Filter>
    </ClInclude>
    <ClInclude Include="IceBolt_Crevasses.h">
      <Filter>00.Game\02.Object\06.Skill\09.IceCrevass\00.Crevasses</Filter>
    </ClInclude>
    <ClInclude Include="IceFreeze_IceDorm.h">
      <Filter>00.Game\02.Object\06.Skill\99.SkillEff\07.IceFreeze\01.IceDorm</Filter>
    </ClInclude>
    <ClInclude Include="HatredChain_Ball.h">
      <Filter>00.Game\02.Object\06.Skill\99.SkillEff\06.HatredChain\02.Ball</Filter>
    </ClInclude>
    <ClInclude Include="Boom.h">
      <Filter>00.Game\02.Object\06.Skill\08.Boom</Filter>
    </ClInclude>
    <ClInclude Include="Boom_Sphere.h">
      <Filter>00.Game\02.Object\06.Skill\99.SkillEff\08.Boom\00.BoomSphere</Filter>
    </ClInclude>
    <ClInclude Include="Boom_Inner.h">
      <Filter>00.Game\02.Object\06.Skill\99.SkillEff\08.Boom\01.BoomInner</Filter>
    </ClInclude>
    <ClInclude Include="SoundMgr.h" />
    <ClInclude Include="IceCrevasses.h" />
  </ItemGroup>
  <ItemGroup>
    <ClCompile Include="Directx12.cpp">
      <Filter>00.Game</Filter>
    </ClCompile>
    <ClCompile Include="Renderer.cpp">
      <Filter>01.Engine\01.Renderer</Filter>
    </ClCompile>
    <ClCompile Include="Object.cpp">
      <Filter>01.Engine\02.Object</Filter>
    </ClCompile>
    <ClCompile Include="Shader.cpp">
      <Filter>01.Engine\03.Shader</Filter>
    </ClCompile>
    <ClCompile Include="Core.cpp">
      <Filter>01.Engine\00.Core</Filter>
    </ClCompile>
    <ClCompile Include="MainApp.cpp">
      <Filter>00.Game\00.MainApp</Filter>
    </ClCompile>
    <ClCompile Include="Scene.cpp">
      <Filter>01.Engine\05.Scene</Filter>
    </ClCompile>
    <ClCompile Include="TestScene.cpp">
      <Filter>00.Game\01.Scene\99.TestScene</Filter>
    </ClCompile>
    <ClCompile Include="DDSTexture.cpp">
      <Filter>01.Engine\04.Texture\00.DDSTexture</Filter>
    </ClCompile>
    <ClCompile Include="DDSTextureLoader.cpp">
      <Filter>01.Engine\04.Texture\00.DDSTexture\00.DDSLoader</Filter>
    </ClCompile>
    <ClCompile Include="Plane.cpp">
      <Filter>01.Engine\06.Component\01.Geometry\01.Plane</Filter>
    </ClCompile>
    <ClCompile Include="Terrain.cpp">
      <Filter>00.Game\02.Object\00.Terrain</Filter>
    </ClCompile>
    <ClCompile Include="Camera.cpp">
      <Filter>00.Game\02.Object\01.Camera</Filter>
    </ClCompile>
    <ClCompile Include="Player.cpp">
      <Filter>00.Game\02.Object\02.Player</Filter>
    </ClCompile>
    <ClCompile Include="Cube.cpp">
      <Filter>01.Engine\06.Component\01.Geometry\00.Cube</Filter>
    </ClCompile>
    <ClCompile Include="Component.cpp">
      <Filter>01.Engine\06.Component</Filter>
    </ClCompile>
    <ClCompile Include="Transform.cpp">
      <Filter>01.Engine\06.Component\00.Transform</Filter>
    </ClCompile>
    <ClCompile Include="Mesh.cpp">
      <Filter>01.Engine\06.Component\01.Geometry\02. Mesh</Filter>
    </ClCompile>
    <ClCompile Include="MeshMgr.cpp">
      <Filter>01.Engine\99.Manager\01.MeshMgr</Filter>
    </ClCompile>
    <ClCompile Include="Geometry.cpp">
      <Filter>01.Engine\06.Component\01.Geometry</Filter>
    </ClCompile>
    <ClCompile Include="TextureMgr.cpp">
      <Filter>01.Engine\99.Manager\00.TextureMgr</Filter>
    </ClCompile>
    <ClCompile Include="RenderTarget.cpp">
      <Filter>01.Engine\07.RenderTarget</Filter>
    </ClCompile>
    <ClCompile Include="RenderTargetMgr.cpp">
      <Filter>01.Engine\07.RenderTarget\00.RenderTargetMgr</Filter>
    </ClCompile>
    <ClCompile Include="Material.cpp">
      <Filter>01.Engine\06.Component\02.Material</Filter>
    </ClCompile>
    <ClCompile Include="LightGeo.cpp">
      <Filter>01.Engine\06.Component\01.Geometry\03. LightGeo</Filter>
    </ClCompile>
    <ClCompile Include="CLight.cpp">
      <Filter>01.Engine\08.Light</Filter>
    </ClCompile>
    <ClCompile Include="Skybox.cpp">
      <Filter>00.Game\02.Object\03.SkyBox</Filter>
    </ClCompile>
    <ClCompile Include="SkyBoxCube.cpp">
      <Filter>01.Engine\06.Component\01.Geometry\00.Cube\00.SkyboxCube</Filter>
    </ClCompile>
    <ClCompile Include="AnimationMgr.cpp">
      <Filter>01.Engine\99.Manager\02.AnimationMgr</Filter>
    </ClCompile>
    <ClCompile Include="Animation.cpp">
      <Filter>01.Engine\06.Component\03.Animation</Filter>
    </ClCompile>
    <ClCompile Include="StaticObject.cpp">
      <Filter>00.Game\02.Object\04.StaticObject</Filter>
    </ClCompile>
    <ClCompile Include="GameTimer.cpp">
      <Filter>01.Engine\00.Core</Filter>
    </ClCompile>
    <ClCompile Include="MaterialMgr.cpp">
      <Filter>01.Engine\99.Manager\03.MaterailMgr</Filter>
    </ClCompile>
    <ClCompile Include="Bullet.cpp">
      <Filter>00.Game\02.Object\05.Bullet</Filter>
    </ClCompile>
    <ClCompile Include="StaticMeshMgr.cpp">
      <Filter>00.Game\02.Object\04.StaticObject\00.StaticMeshMgr</Filter>
    </ClCompile>
    <ClCompile Include="Loading.cpp">
      <Filter>01.Engine\09.Loading</Filter>
    </ClCompile>
    <ClCompile Include="LoadingScene.cpp">
      <Filter>00.Game\01.Scene\00.LoadingScene</Filter>
    </ClCompile>
    <ClCompile Include="UIPlane.cpp">
      <Filter>01.Engine\06.Component\01.Geometry\04.UIPlane</Filter>
    </ClCompile>
    <ClCompile Include="UI.cpp">
      <Filter>01.Engine\02.Object\00.UI</Filter>
    </ClCompile>
    <ClCompile Include="Button.cpp">
      <Filter>01.Engine\02.Object\00.UI\00.Button</Filter>
    </ClCompile>
    <ClCompile Include="Network.cpp">
      <Filter>01.Engine\10.Network</Filter>
    </ClCompile>
    <ClCompile Include="InstanceInfo.cpp">
      <Filter>01.Engine\99.Manager\04.InstanceMgr\00.InstanceInfo</Filter>
    </ClCompile>
    <ClCompile Include="InstanceMgr.cpp">
      <Filter>01.Engine\99.Manager\04.InstanceMgr</Filter>
    </ClCompile>
    <ClCompile Include="KeyMgr.cpp">
      <Filter>01.Engine\99.Manager\05.KeyMgr</Filter>
    </ClCompile>
    <ClCompile Include="PlayerFSM.cpp">
      <Filter>00.Game\02.Object\02.Player\00.PlayerFSM</Filter>
    </ClCompile>
    <ClCompile Include="SkinnedData.cpp">
      <Filter>01.Engine\99.Manager\02.AnimationMgr\00.SkinnedData</Filter>
    </ClCompile>
    <ClCompile Include="SkinnedModelInstance.cpp">
      <Filter>01.Engine\99.Manager\02.AnimationMgr\01.SkinnedModelInstance</Filter>
    </ClCompile>
    <ClCompile Include="d3dUtil.cpp">
      <Filter>99.Default\99.Default</Filter>
    </ClCompile>
    <ClCompile Include="MathHelper.cpp">
      <Filter>99.Default\99.Default</Filter>
    </ClCompile>
    <ClCompile Include="Skill.cpp">
      <Filter>01.Engine\02.Object\01.Skill</Filter>
    </ClCompile>
    <ClCompile Include="SkillEff.cpp">
      <Filter>01.Engine\02.Object\01.Skill\00.SkillEff</Filter>
    </ClCompile>
    <ClCompile Include="Flames_FireEff.cpp">
      <Filter>00.Game\02.Object\06.Skill\99.SkillEff\00.Flames\00.FireEff</Filter>
    </ClCompile>
    <ClCompile Include="Flames.cpp">
      <Filter>00.Game\02.Object\06.Skill\00.Flames</Filter>
    </ClCompile>
    <ClCompile Include="FireShock_FireCylinder.cpp">
      <Filter>00.Game\02.Object\06.Skill\99.SkillEff\01.FireShock\00.FireCylinder</Filter>
    </ClCompile>
    <ClCompile Include="FireShock.cpp">
      <Filter>00.Game\02.Object\06.Skill\01.FireShock</Filter>
    </ClCompile>
    <ClCompile Include="PhysXMgr.cpp">
      <Filter>01.Engine\99.Manager\06.PhysXMgr</Filter>
    </ClCompile>
    <ClCompile Include="Weapon.cpp">
      <Filter>00.Game\02.Object\07.Weapon</Filter>
    </ClCompile>
    <ClCompile Include="PoolingMgr.cpp">
      <Filter>01.Engine\99.Manager\07.PoolingMgr</Filter>
    </ClCompile>
    <ClCompile Include="Panel.cpp">
      <Filter>00.Game\02.Object\08.Panel</Filter>
    </ClCompile>
    <ClCompile Include="Bar.cpp">
      <Filter>01.Engine\02.Object\00.UI\01.Bar</Filter>
    </ClCompile>
    <ClCompile Include="RadioButton.cpp">
      <Filter>01.Engine\02.Object\00.UI\00.Button\00.Radio</Filter>
    </ClCompile>
    <ClCompile Include="LobbyScene.cpp">
      <Filter>00.Game\01.Scene\01.LobbyScene</Filter>
    </ClCompile>
    <ClCompile Include="RoomScene.cpp">
      <Filter>00.Game\01.Scene\02.RoomScene</Filter>
    </ClCompile>
    <ClCompile Include="RadioButtonController.cpp">
      <Filter>01.Engine\02.Object\00.UI\00.Button\00.Radio\00.RadioButtonController</Filter>
    </ClCompile>
    <ClCompile Include="RoomRadio.cpp">
      <Filter>00.Game\02.Object\09.UI\00.RoomRadio</Filter>
    </ClCompile>
    <ClCompile Include="RoomRadioController.cpp">
      <Filter>00.Game\02.Object\09.UI\00.RoomRadio\01.RoomRadioController</Filter>
    </ClCompile>
    <ClCompile Include="CharInfo.cpp">
      <Filter>00.Game\02.Object\09.UI\01.CharInfo</Filter>
    </ClCompile>
    <ClCompile Include="CharInfoController.cpp">
      <Filter>00.Game\02.Object\09.UI\01.CharInfo\01.CharInfoController</Filter>
    </ClCompile>
    <ClCompile Include="TextController.cpp">
      <Filter>00.Game\02.Object\09.UI\02.Text\02.TextController</Filter>
    </ClCompile>
    <ClCompile Include="Text.cpp">
      <Filter>00.Game\02.Object\09.UI\02.Text</Filter>
    </ClCompile>
    <ClCompile Include="Com_Network.cpp">
      <Filter>01.Engine\06.Component\04.Network</Filter>
    </ClCompile>
    <ClCompile Include="FireRing.cpp">
      <Filter>00.Game\02.Object\06.Skill\02.FireRing</Filter>
    </ClCompile>
    <ClCompile Include="FireRing_FireCylinder.cpp">
      <Filter>00.Game\02.Object\06.Skill\99.SkillEff\02.FireRing\00.FireCylinder</Filter>
    </ClCompile>
    <ClCompile Include="FireShock_FireParticle.cpp">
      <Filter>00.Game\02.Object\06.Skill\99.SkillEff\01.FireShock\01.FireParticle</Filter>
    </ClCompile>
    <ClCompile Include="ServerButton.cpp">
      <Filter>01.Engine\02.Object\00.UI\00.Button\01.ServerButton</Filter>
    </ClCompile>
    <ClCompile Include="IceBolt.cpp">
      <Filter>00.Game\02.Object\06.Skill\03.IceBolt</Filter>
    </ClCompile>
    <ClCompile Include="IceBolt_Ice.cpp">
      <Filter>00.Game\02.Object\06.Skill\99.SkillEff\03.IceBolt\00.Ice</Filter>
    </ClCompile>
    <ClCompile Include="Meteor.cpp">
      <Filter>00.Game\02.Object\06.Skill\04.Meteor</Filter>
    </ClCompile>
    <ClCompile Include="Meteor_Body.cpp">
      <Filter>00.Game\02.Object\06.Skill\99.SkillEff\04.Meteor\00.Body</Filter>
    </ClCompile>
    <ClCompile Include="Meteor_FireEff.cpp">
      <Filter>00.Game\02.Object\06.Skill\99.SkillEff\04.Meteor\01.FireEff</Filter>
    </ClCompile>
    <ClCompile Include="Meteor_FireEff2.cpp">
      <Filter>00.Game\02.Object\06.Skill\99.SkillEff\04.Meteor\02. FireEff2</Filter>
    </ClCompile>
    <ClCompile Include="HpBar.cpp">
      <Filter>00.Game\02.Object\09.UI\03. HpBar</Filter>
    </ClCompile>
    <ClCompile Include="SkillController.cpp">
      <Filter>00.Game\02.Object\09.UI\04.SkillController</Filter>
    </ClCompile>
    <ClCompile Include="ClickerButton.cpp">
      <Filter>00.Game\02.Object\09.UI\05.ShopController\00.ClickerButton</Filter>
    </ClCompile>
    <ClCompile Include="ShopController.cpp">
      <Filter>00.Game\02.Object\09.UI\05.ShopController</Filter>
    </ClCompile>
    <ClCompile Include="Cursor.cpp">
      <Filter>00.Game\02.Object\09.UI\06.Cursor</Filter>
    </ClCompile>
    <ClCompile Include="NetSkill.cpp">
      <Filter>01.Engine\06.Component\05.NetSkill</Filter>
    </ClCompile>
    <ClCompile Include="Portrait.cpp">
      <Filter>00.Game\02.Object\09.UI\07.Portrait</Filter>
    </ClCompile>
    <ClCompile Include="MagicCircle.cpp">
      <Filter>00.Game\02.Object\06.Skill\99.SkillEff\99.MagicCircle</Filter>
    </ClCompile>
    <ClCompile Include="BlackHole_Body.cpp">
      <Filter>00.Game\02.Object\06.Skill\99.SkillEff\05.BlackHole\00.BlackHole_Body</Filter>
    </ClCompile>
    <ClCompile Include="IceBolt_Body.cpp">
      <Filter>00.Game\02.Object\06.Skill\99.SkillEff\03.IceBolt\01.Body</Filter>
    </ClCompile>
    <ClCompile Include="IceBolt_Tornado.cpp">
      <Filter>00.Game\02.Object\06.Skill\99.SkillEff\03.IceBolt\02.Tornado</Filter>
    </ClCompile>
    <ClCompile Include="BlackHole_Inner.cpp">
      <Filter>00.Game\02.Object\06.Skill\99.SkillEff\05.BlackHole\01.BlackHole_Inner</Filter>
    </ClCompile>
    <ClCompile Include="BlackHole.cpp">
      <Filter>00.Game\02.Object\06.Skill\05.BlackHole</Filter>
    </ClCompile>
    <ClCompile Include="BillBoardEff.cpp">
      <Filter>01.Engine\02.Object\01.Skill\00.SkillEff\00.BillBoardEff</Filter>
    </ClCompile>
    <ClCompile Include="HatredChain_Body.cpp">
      <Filter>00.Game\02.Object\06.Skill\99.SkillEff\06.HatredChain\00.Body</Filter>
    </ClCompile>
    <ClCompile Include="HatredChain.cpp">
      <Filter>00.Game\02.Object\06.Skill\06.HatredChain</Filter>
    </ClCompile>
    <ClCompile Include="HatredChain_Outter.cpp">
      <Filter>00.Game\02.Object\06.Skill\99.SkillEff\06.HatredChain\01.Outter</Filter>
    </ClCompile>
    <ClCompile Include="IceFreeze.cpp">
      <Filter>00.Game\02.Object\06.Skill\07.IceFreeze</Filter>
    </ClCompile>
    <ClCompile Include="IceBolt_Crevasses.cpp">
      <Filter>00.Game\02.Object\06.Skill\09.IceCrevass\00.Crevasses</Filter>
    </ClCompile>
    <ClCompile Include="IceFreeze_IceDorm.cpp">
      <Filter>00.Game\02.Object\06.Skill\99.SkillEff\07.IceFreeze\01.IceDorm</Filter>
    </ClCompile>
    <ClCompile Include="HatredChain_Ball.cpp">
      <Filter>00.Game\02.Object\06.Skill\99.SkillEff\06.HatredChain\02.Ball</Filter>
    </ClCompile>
    <ClCompile Include="Boom.cpp">
      <Filter>00.Game\02.Object\06.Skill\08.Boom</Filter>
    </ClCompile>
    <ClCompile Include="Boom_Sphere.cpp">
      <Filter>00.Game\02.Object\06.Skill\99.SkillEff\08.Boom\00.BoomSphere</Filter>
    </ClCompile>
    <ClCompile Include="Boom_Inner.cpp">
      <Filter>00.Game\02.Object\06.Skill\99.SkillEff\08.Boom\01.BoomInner</Filter>
    </ClCompile>
    <ClCompile Include="SoundMgr.cpp" />
    <ClCompile Include="IceCrevasses.cpp" />
  </ItemGroup>
  <ItemGroup>
    <Image Include="Directx12.ico">
      <Filter>99.Default\99.Default</Filter>
    </Image>
    <Image Include="small.ico">
      <Filter>99.Default\99.Default</Filter>
    </Image>
  </ItemGroup>
  <ItemGroup>
    <None Include="color.hlsl">
      <Filter>01.Engine\03.Shader\00.HLSL</Filter>
    </None>
    <None Include="Common.hlsl">
      <Filter>01.Engine\03.Shader\00.HLSL</Filter>
    </None>
    <None Include="Shadow.hlsl">
      <Filter>01.Engine\03.Shader\00.HLSL</Filter>
    </None>
    <None Include="Skill.hlsl">
      <Filter>01.Engine\03.Shader\00.HLSL</Filter>
    </None>
    <None Include="Blend.hlsl">
      <Filter>01.Engine\03.Shader\00.HLSL</Filter>
    </None>
    <None Include="SkillBD.hlsl">
      <Filter>01.Engine\03.Shader\00.HLSL</Filter>
    </None>
  </ItemGroup>
  <ItemGroup>
    <ResourceCompile Include="Directx12.rc">
      <Filter>99.Default\99.Default</Filter>
    </ResourceCompile>
  </ItemGroup>
</Project>