<?xml version="1.0" encoding="utf-8"?>
<Project ToolsVersion="4.0" xmlns="http://schemas.microsoft.com/developer/msbuild/2003">
  <ItemGroup>
    <Filter Include="소스 파일">
      <UniqueIdentifier>{4FC737F1-C7A5-4376-A066-2A32D752A2FF}</UniqueIdentifier>
      <Extensions>cpp;c;cc;cxx;c++;cppm;ixx;def;odl;idl;hpj;bat;asm;asmx</Extensions>
    </Filter>
    <Filter Include="헤더 파일">
      <UniqueIdentifier>{93995380-89BD-4b04-88EB-625FBE52EBFB}</UniqueIdentifier>
      <Extensions>h;hh;hpp;hxx;h++;hm;inl;inc;ipp;xsd</Extensions>
    </Filter>
    <Filter Include="리소스 파일">
      <UniqueIdentifier>{67DA6AB6-F800-4c08-8B7A-83BB121AAD01}</UniqueIdentifier>
      <Extensions>rc;ico;cur;bmp;dlg;rc2;rct;bin;rgs;gif;jpg;jpeg;jpe;resx;tiff;tif;png;wav;mfcribbon-ms</Extensions>
    </Filter>
    <Filter Include="헤더 파일\디파인 시발 왜 안먹어">
      <UniqueIdentifier>{7e9817e8-e597-462c-8a6a-028a1b8dc160}</UniqueIdentifier>
    </Filter>
    <Filter Include="소스 파일\FSM">
      <UniqueIdentifier>{71a707ee-03e3-4e88-a6b2-3e23d4d391ce}</UniqueIdentifier>
    </Filter>
    <Filter Include="소스 파일\FSM\PlayerFSM">
      <UniqueIdentifier>{731ee055-5427-4b5a-b50e-989aed16772a}</UniqueIdentifier>
    </Filter>
    <Filter Include="소스 파일\Skill">
      <UniqueIdentifier>{27ccff8e-69cb-4840-831c-0dfd5738616f}</UniqueIdentifier>
    </Filter>
    <Filter Include="소스 파일\Skill\FireRing">
      <UniqueIdentifier>{6cce36ff-7732-4ced-ba06-267175af784c}</UniqueIdentifier>
    </Filter>
    <Filter Include="소스 파일\Bullet">
      <UniqueIdentifier>{44353ca2-54d3-47e6-9e2d-e0aff2554d17}</UniqueIdentifier>
    </Filter>
  </ItemGroup>
  <ItemGroup>
    <ClCompile Include="Server.cpp">
      <Filter>소스 파일</Filter>
    </ClCompile>
    <ClCompile Include="PlayerThread.cpp">
      <Filter>소스 파일</Filter>
    </ClCompile>
    <ClCompile Include="PlayerFSM.cpp">
      <Filter>소스 파일\FSM\PlayerFSM</Filter>
    </ClCompile>
    <ClCompile Include="Player.cpp">
      <Filter>소스 파일</Filter>
    </ClCompile>
    <ClCompile Include="MeshMgr.cpp">
      <Filter>소스 파일</Filter>
    </ClCompile>
    <ClCompile Include="PhysXMgr.cpp">
      <Filter>소스 파일</Filter>
    </ClCompile>
    <ClCompile Include="StaticMeshMgr.cpp">
      <Filter>소스 파일</Filter>
    </ClCompile>
    <ClCompile Include="Bullet.cpp">
      <Filter>소스 파일</Filter>
    </ClCompile>
  </ItemGroup>
  <ItemGroup>
    <ClInclude Include="PlayerThread.h">
      <Filter>헤더 파일</Filter>
    </ClInclude>
    <ClInclude Include="Player.h">
      <Filter>헤더 파일</Filter>
    </ClInclude>
    <ClInclude Include="include.h">
      <Filter>헤더 파일</Filter>
    </ClInclude>
    <ClInclude Include="..\..\Directx12\define.h">
      <Filter>헤더 파일</Filter>
    </ClInclude>
    <ClInclude Include="..\..\Directx12\struct.h">
      <Filter>헤더 파일</Filter>
    </ClInclude>
    <ClInclude Include="serverDefine.h">
      <Filter>헤더 파일\디파인 시발 왜 안먹어</Filter>
    </ClInclude>
    <ClInclude Include="serverStruct.h">
      <Filter>헤더 파일\디파인 시발 왜 안먹어</Filter>
    </ClInclude>
    <ClInclude Include="InterfaceFSM.h">
      <Filter>소스 파일\FSM</Filter>
    </ClInclude>
    <ClInclude Include="PlayerFSM.h">
      <Filter>소스 파일\FSM\PlayerFSM</Filter>
    </ClInclude>
    <ClInclude Include="MeshMgr.h">
      <Filter>소스 파일</Filter>
    </ClInclude>
    <ClInclude Include="PhysXMgr.h">
      <Filter>소스 파일</Filter>
    </ClInclude>
    <ClInclude Include="StaticMeshMgr.h">
      <Filter>소스 파일</Filter>
    </ClInclude>
    <ClInclude Include="Bullet.h">
      <Filter>헤더 파일</Filter>
    </ClInclude>
  </ItemGroup>
</Project>